
Microsoft Visual Studio Solution File, Format Version 12.00
# Visual Studio Version 16
VisualStudioVersion = 16.0.30717.126
MinimumVisualStudioVersion = 10.0.40219.1
Project("{9A19103F-16F7-4668-BE54-9A1E7A4F7556}") = "aspnet-core-secrets", "aspnet-core-secrets.csproj", "{B4ED4BFA-9E25-4ED0-9747-012D28B3ECF5}"
EndProject
Global
	GlobalSection(SolutionConfigurationPlatforms) = preSolution
		Debug|Any CPU = Debug|Any CPU
		Release|Any CPU = Release|Any CPU
	EndGlobalSection
	GlobalSection(ProjectConfigurationPlatforms) = postSolution
		{B4ED4BFA-9E25-4ED0-9747-012D28B3ECF5}.Debug|Any CPU.ActiveCfg = Debug|Any CPU
		{B4ED4BFA-9E25-4ED0-9747-012D28B3ECF5}.Debug|Any CPU.Build.0 = Debug|Any CPU
		{B4ED4BFA-9E25-4ED0-9747-012D28B3ECF5}.Release|Any CPU.ActiveCfg = Release|Any CPU
		{B4ED4BFA-9E25-4ED0-9747-012D28B3ECF5}.Release|Any CPU.Build.0 = Release|Any CPU
	EndGlobalSection
	GlobalSection(SolutionProperties) = preSolution
		HideSolutionNode = FALSE
	EndGlobalSection
	GlobalSection(ExtensibilityGlobals) = postSolution
		SolutionGuid = {026F7F15-030D-413C-A9F7-67C674D63A77}
	EndGlobalSection
EndGlobal
